
Microsoft Visual Studio Solution File, Format Version 12.00
# Visual Studio Version 17
VisualStudioVersion = 17.0.31903.59
MinimumVisualStudioVersion = 10.0.40219.1
Project("{2150E333-8FDC-42A3-9474-1A3956D46DE8}") = "src", "src", "{827E0CD3-B72D-47B6-A68D-7590B98EB39B}"
EndProject
Project("{FAE04EC0-301F-11D3-BF4B-00C04F79EFBC}") = "Mapperion", "src\Mapperion\Mapperion.csproj", "{869373A8-6938-4F59-BD68-E9D2521DA916}"
EndProject
Project("{FAE04EC0-301F-11D3-BF4B-00C04F79EFBC}") = "Mapperion.Tests", "tests\Mapperion.Tests\Mapperion.Tests.csproj", "{E0EC7B74-1C4B-40F4-A471-CE2F3461BE75}"
EndProject
Project("{FAE04EC0-301F-11D3-BF4B-00C04F79EFBC}") = "Mapperion.Extensions.DependencyInjection", "src\Mapperion.Extensions.DependencyInjection\Mapperion.Extensions.DependencyInjection.csproj", "{CA8C5F48-9349-46FE-83EB-C7CC1EC33412}"
EndProject
Project("{2150E333-8FDC-42A3-9474-1A3956D46DE8}") = "tests", "tests", "{0AB3BF05-4346-4AA6-1389-037BE0695223}"
EndProject
Project("{FAE04EC0-301F-11D3-BF4B-00C04F79EFBC}") = "Mapperion.Extensions.DependencyInjection.Tests", "tests\Mapperion.Extensions.DependencyInjection.Tests\Mapperion.Extensions.DependencyInjection.Tests.csproj", "{54EF3B4A-5053-4771-8917-048000BA56A7}"
EndProject
Project("{FAE04EC0-301F-11D3-BF4B-00C04F79EFBC}") = "Mapperion.EntityFrameworkCore.Tests", "tests\Mapperion.EntityFrameworkCore.Tests\Mapperion.EntityFrameworkCore.Tests.csproj", "{6F485188-07E4-44AF-89FE-AB517FA961C2}"
EndProject
Project("{FAE04EC0-301F-11D3-BF4B-00C04F79EFBC}") = "Mapperion.Compatibility.Tests", "tests\Mapperion.Compatibility.Tests\Mapperion.Compatibility.Tests.csproj", "{85144130-0720-40E1-9005-ECC34DA85BF2}"
EndProject
Project("{FAE04EC0-301F-11D3-BF4B-00C04F79EFBC}") = "Mapperion.SourceGenerator", "src\Mapperion.SourceGenerator\Mapperion.SourceGenerator.csproj", "{CEA93F7D-DE96-43F1-A522-8A5FE8E4B43E}"
EndProject
Project("{FAE04EC0-301F-11D3-BF4B-00C04F79EFBC}") = "Mapperion.SourceGenerator.Tests", "tests\Mapperion.SourceGenerator.Tests\Mapperion.SourceGenerator.Tests.csproj", "{544ADD03-B7A4-4340-8EB1-70C23AD2C5CE}"
EndProject
Project("{2150E333-8FDC-42A3-9474-1A3956D46DE8}") = "benchmarks", "benchmarks", "{66320409-64EC-F7C5-3DEF-65E7510DAAD1}"
EndProject
Project("{FAE04EC0-301F-11D3-BF4B-00C04F79EFBC}") = "Mapperion.Benchmarks", "benchmarks\Mapperion.Benchmarks\Mapperion.Benchmarks.csproj", "{53771BE9-D63F-435A-B779-A3D47E522914}"
EndProject
Project("{2150E333-8FDC-42A3-9474-1A3956D46DE8}") = "samples", "samples", "{5D20AA90-6969-D8BD-9DCD-8634F4692FDA}"
EndProject
Project("{FAE04EC0-301F-11D3-BF4B-00C04F79EFBC}") = "Mapperion.Aot", "samples\Mapperion.Aot\Mapperion.Aot.csproj", "{6D59556F-980D-4EEB-AEC0-72E6346D0DF3}"
EndProject
Project("{FAE04EC0-301F-11D3-BF4B-00C04F79EFBC}") = "Mapperion.EntityFramework6.Tests", "tests\Mapperion.EntityFramework6.Tests\Mapperion.EntityFramework6.Tests.csproj", "{2B0AB04A-0058-469E-B2A1-58121C92C3A1}"
EndProject
Project("{FAE04EC0-301F-11D3-BF4B-00C04F79EFBC}") = "Mapperion.Analyzers", "src\Mapperion.Analyzers\Mapperion.Analyzers.csproj", "{43D856A5-196E-4EDF-AAC1-6A199E63CD2F}"
EndProject
Project("{FAE04EC0-301F-11D3-BF4B-00C04F79EFBC}") = "Mapperion.Analyzers.Tests", "tests\Mapperion.Analyzers.Tests\Mapperion.Analyzers.Tests.csproj", "{7F39947C-A079-4FAA-9899-49E4B68CA856}"
EndProject
Global
	GlobalSection(SolutionConfigurationPlatforms) = preSolution
		Debug|Any CPU = Debug|Any CPU
		Debug|x64 = Debug|x64
		Debug|x86 = Debug|x86
		Release|Any CPU = Release|Any CPU
		Release|x64 = Release|x64
		Release|x86 = Release|x86
	EndGlobalSection
	GlobalSection(ProjectConfigurationPlatforms) = postSolution
		{869373A8-6938-4F59-BD68-E9D2521DA916}.Debug|Any CPU.ActiveCfg = Debug|Any CPU
		{869373A8-6938-4F59-BD68-E9D2521DA916}.Debug|Any CPU.Build.0 = Debug|Any CPU
		{869373A8-6938-4F59-BD68-E9D2521DA916}.Debug|x64.ActiveCfg = Debug|Any CPU
		{869373A8-6938-4F59-BD68-E9D2521DA916}.Debug|x64.Build.0 = Debug|Any CPU
		{869373A8-6938-4F59-BD68-E9D2521DA916}.Debug|x86.ActiveCfg = Debug|Any CPU
		{869373A8-6938-4F59-BD68-E9D2521DA916}.Debug|x86.Build.0 = Debug|Any CPU
		{869373A8-6938-4F59-BD68-E9D2521DA916}.Release|Any CPU.ActiveCfg = Release|Any CPU
		{869373A8-6938-4F59-BD68-E9D2521DA916}.Release|Any CPU.Build.0 = Release|Any CPU
		{869373A8-6938-4F59-BD68-E9D2521DA916}.Release|x64.ActiveCfg = Release|Any CPU
		{869373A8-6938-4F59-BD68-E9D2521DA916}.Release|x64.Build.0 = Release|Any CPU
		{869373A8-6938-4F59-BD68-E9D2521DA916}.Release|x86.ActiveCfg = Release|Any CPU
		{869373A8-6938-4F59-BD68-E9D2521DA916}.Release|x86.Build.0 = Release|Any CPU
		{E0EC7B74-1C4B-40F4-A471-CE2F3461BE75}.Debug|Any CPU.ActiveCfg = Debug|Any CPU
		{E0EC7B74-1C4B-40F4-A471-CE2F3461BE75}.Debug|Any CPU.Build.0 = Debug|Any CPU
		{E0EC7B74-1C4B-40F4-A471-CE2F3461BE75}.Debug|x64.ActiveCfg = Debug|Any CPU
		{E0EC7B74-1C4B-40F4-A471-CE2F3461BE75}.Debug|x64.Build.0 = Debug|Any CPU
		{E0EC7B74-1C4B-40F4-A471-CE2F3461BE75}.Debug|x86.ActiveCfg = Debug|Any CPU
		{E0EC7B74-1C4B-40F4-A471-CE2F3461BE75}.Debug|x86.Build.0 = Debug|Any CPU
		{E0EC7B74-1C4B-40F4-A471-CE2F3461BE75}.Release|Any CPU.ActiveCfg = Release|Any CPU
		{E0EC7B74-1C4B-40F4-A471-CE2F3461BE75}.Release|Any CPU.Build.0 = Release|Any CPU
		{E0EC7B74-1C4B-40F4-A471-CE2F3461BE75}.Release|x64.ActiveCfg = Release|Any CPU
		{E0EC7B74-1C4B-40F4-A471-CE2F3461BE75}.Release|x64.Build.0 = Release|Any CPU
		{E0EC7B74-1C4B-40F4-A471-CE2F3461BE75}.Release|x86.ActiveCfg = Release|Any CPU
		{E0EC7B74-1C4B-40F4-A471-CE2F3461BE75}.Release|x86.Build.0 = Release|Any CPU
		{CA8C5F48-9349-46FE-83EB-C7CC1EC33412}.Debug|Any CPU.ActiveCfg = Debug|Any CPU
		{CA8C5F48-9349-46FE-83EB-C7CC1EC33412}.Debug|Any CPU.Build.0 = Debug|Any CPU
		{CA8C5F48-9349-46FE-83EB-C7CC1EC33412}.Debug|x64.ActiveCfg = Debug|Any CPU
		{CA8C5F48-9349-46FE-83EB-C7CC1EC33412}.Debug|x64.Build.0 = Debug|Any CPU
		{CA8C5F48-9349-46FE-83EB-C7CC1EC33412}.Debug|x86.ActiveCfg = Debug|Any CPU
		{CA8C5F48-9349-46FE-83EB-C7CC1EC33412}.Debug|x86.Build.0 = Debug|Any CPU
		{CA8C5F48-9349-46FE-83EB-C7CC1EC33412}.Release|Any CPU.ActiveCfg = Release|Any CPU
		{CA8C5F48-9349-46FE-83EB-C7CC1EC33412}.Release|Any CPU.Build.0 = Release|Any CPU
		{CA8C5F48-9349-46FE-83EB-C7CC1EC33412}.Release|x64.ActiveCfg = Release|Any CPU
		{CA8C5F48-9349-46FE-83EB-C7CC1EC33412}.Release|x64.Build.0 = Release|Any CPU
		{CA8C5F48-9349-46FE-83EB-C7CC1EC33412}.Release|x86.ActiveCfg = Release|Any CPU
		{CA8C5F48-9349-46FE-83EB-C7CC1EC33412}.Release|x86.Build.0 = Release|Any CPU
		{54EF3B4A-5053-4771-8917-048000BA56A7}.Debug|Any CPU.ActiveCfg = Debug|Any CPU
		{54EF3B4A-5053-4771-8917-048000BA56A7}.Debug|Any CPU.Build.0 = Debug|Any CPU
		{54EF3B4A-5053-4771-8917-048000BA56A7}.Debug|x64.ActiveCfg = Debug|Any CPU
		{54EF3B4A-5053-4771-8917-048000BA56A7}.Debug|x64.Build.0 = Debug|Any CPU
		{54EF3B4A-5053-4771-8917-048000BA56A7}.Debug|x86.ActiveCfg = Debug|Any CPU
		{54EF3B4A-5053-4771-8917-048000BA56A7}.Debug|x86.Build.0 = Debug|Any CPU
		{54EF3B4A-5053-4771-8917-048000BA56A7}.Release|Any CPU.ActiveCfg = Release|Any CPU
		{54EF3B4A-5053-4771-8917-048000BA56A7}.Release|Any CPU.Build.0 = Release|Any CPU
		{54EF3B4A-5053-4771-8917-048000BA56A7}.Release|x64.ActiveCfg = Release|Any CPU
		{54EF3B4A-5053-4771-8917-048000BA56A7}.Release|x64.Build.0 = Release|Any CPU
		{54EF3B4A-5053-4771-8917-048000BA56A7}.Release|x86.ActiveCfg = Release|Any CPU
		{54EF3B4A-5053-4771-8917-048000BA56A7}.Release|x86.Build.0 = Release|Any CPU
		{6F485188-07E4-44AF-89FE-AB517FA961C2}.Debug|Any CPU.ActiveCfg = Debug|Any CPU
		{6F485188-07E4-44AF-89FE-AB517FA961C2}.Debug|Any CPU.Build.0 = Debug|Any CPU
		{6F485188-07E4-44AF-89FE-AB517FA961C2}.Debug|x64.ActiveCfg = Debug|Any CPU
		{6F485188-07E4-44AF-89FE-AB517FA961C2}.Debug|x64.Build.0 = Debug|Any CPU
		{6F485188-07E4-44AF-89FE-AB517FA961C2}.Debug|x86.ActiveCfg = Debug|Any CPU
		{6F485188-07E4-44AF-89FE-AB517FA961C2}.Debug|x86.Build.0 = Debug|Any CPU
		{6F485188-07E4-44AF-89FE-AB517FA961C2}.Release|Any CPU.ActiveCfg = Release|Any CPU
		{6F485188-07E4-44AF-89FE-AB517FA961C2}.Release|Any CPU.Build.0 = Release|Any CPU
		{6F485188-07E4-44AF-89FE-AB517FA961C2}.Release|x64.ActiveCfg = Release|Any CPU
		{6F485188-07E4-44AF-89FE-AB517FA961C2}.Release|x64.Build.0 = Release|Any CPU
		{6F485188-07E4-44AF-89FE-AB517FA961C2}.Release|x86.ActiveCfg = Release|Any CPU
		{6F485188-07E4-44AF-89FE-AB517FA961C2}.Release|x86.Build.0 = Release|Any CPU
		{85144130-0720-40E1-9005-ECC34DA85BF2}.Debug|Any CPU.ActiveCfg = Debug|Any CPU
		{85144130-0720-40E1-9005-ECC34DA85BF2}.Debug|Any CPU.Build.0 = Debug|Any CPU
		{85144130-0720-40E1-9005-ECC34DA85BF2}.Debug|x64.ActiveCfg = Debug|Any CPU
		{85144130-0720-40E1-9005-ECC34DA85BF2}.Debug|x64.Build.0 = Debug|Any CPU
		{85144130-0720-40E1-9005-ECC34DA85BF2}.Debug|x86.ActiveCfg = Debug|Any CPU
		{85144130-0720-40E1-9005-ECC34DA85BF2}.Debug|x86.Build.0 = Debug|Any CPU
		{85144130-0720-40E1-9005-ECC34DA85BF2}.Release|Any CPU.ActiveCfg = Release|Any CPU
		{85144130-0720-40E1-9005-ECC34DA85BF2}.Release|Any CPU.Build.0 = Release|Any CPU
		{85144130-0720-40E1-9005-ECC34DA85BF2}.Release|x64.ActiveCfg = Release|Any CPU
		{85144130-0720-40E1-9005-ECC34DA85BF2}.Release|x64.Build.0 = Release|Any CPU
		{85144130-0720-40E1-9005-ECC34DA85BF2}.Release|x86.ActiveCfg = Release|Any CPU
		{85144130-0720-40E1-9005-ECC34DA85BF2}.Release|x86.Build.0 = Release|Any CPU
		{CEA93F7D-DE96-43F1-A522-8A5FE8E4B43E}.Debug|Any CPU.ActiveCfg = Debug|Any CPU
		{CEA93F7D-DE96-43F1-A522-8A5FE8E4B43E}.Debug|Any CPU.Build.0 = Debug|Any CPU
		{CEA93F7D-DE96-43F1-A522-8A5FE8E4B43E}.Debug|x64.ActiveCfg = Debug|Any CPU
		{CEA93F7D-DE96-43F1-A522-8A5FE8E4B43E}.Debug|x64.Build.0 = Debug|Any CPU
		{CEA93F7D-DE96-43F1-A522-8A5FE8E4B43E}.Debug|x86.ActiveCfg = Debug|Any CPU
		{CEA93F7D-DE96-43F1-A522-8A5FE8E4B43E}.Debug|x86.Build.0 = Debug|Any CPU
		{CEA93F7D-DE96-43F1-A522-8A5FE8E4B43E}.Release|Any CPU.ActiveCfg = Release|Any CPU
		{CEA93F7D-DE96-43F1-A522-8A5FE8E4B43E}.Release|Any CPU.Build.0 = Release|Any CPU
		{CEA93F7D-DE96-43F1-A522-8A5FE8E4B43E}.Release|x64.ActiveCfg = Release|Any CPU
		{CEA93F7D-DE96-43F1-A522-8A5FE8E4B43E}.Release|x64.Build.0 = Release|Any CPU
		{CEA93F7D-DE96-43F1-A522-8A5FE8E4B43E}.Release|x86.ActiveCfg = Release|Any CPU
		{CEA93F7D-DE96-43F1-A522-8A5FE8E4B43E}.Release|x86.Build.0 = Release|Any CPU
		{544ADD03-B7A4-4340-8EB1-70C23AD2C5CE}.Debug|Any CPU.ActiveCfg = Debug|Any CPU
		{544ADD03-B7A4-4340-8EB1-70C23AD2C5CE}.Debug|Any CPU.Build.0 = Debug|Any CPU
		{544ADD03-B7A4-4340-8EB1-70C23AD2C5CE}.Debug|x64.ActiveCfg = Debug|Any CPU
		{544ADD03-B7A4-4340-8EB1-70C23AD2C5CE}.Debug|x64.Build.0 = Debug|Any CPU
		{544ADD03-B7A4-4340-8EB1-70C23AD2C5CE}.Debug|x86.ActiveCfg = Debug|Any CPU
		{544ADD03-B7A4-4340-8EB1-70C23AD2C5CE}.Debug|x86.Build.0 = Debug|Any CPU
		{544ADD03-B7A4-4340-8EB1-70C23AD2C5CE}.Release|Any CPU.ActiveCfg = Release|Any CPU
		{544ADD03-B7A4-4340-8EB1-70C23AD2C5CE}.Release|Any CPU.Build.0 = Release|Any CPU
		{544ADD03-B7A4-4340-8EB1-70C23AD2C5CE}.Release|x64.ActiveCfg = Release|Any CPU
		{544ADD03-B7A4-4340-8EB1-70C23AD2C5CE}.Release|x64.Build.0 = Release|Any CPU
		{544ADD03-B7A4-4340-8EB1-70C23AD2C5CE}.Release|x86.ActiveCfg = Release|Any CPU
		{544ADD03-B7A4-4340-8EB1-70C23AD2C5CE}.Release|x86.Build.0 = Release|Any CPU
		{53771BE9-D63F-435A-B779-A3D47E522914}.Debug|Any CPU.ActiveCfg = Debug|Any CPU
		{53771BE9-D63F-435A-B779-A3D47E522914}.Debug|Any CPU.Build.0 = Debug|Any CPU
		{53771BE9-D63F-435A-B779-A3D47E522914}.Debug|x64.ActiveCfg = Debug|Any CPU
		{53771BE9-D63F-435A-B779-A3D47E522914}.Debug|x64.Build.0 = Debug|Any CPU
		{53771BE9-D63F-435A-B779-A3D47E522914}.Debug|x86.ActiveCfg = Debug|Any CPU
		{53771BE9-D63F-435A-B779-A3D47E522914}.Debug|x86.Build.0 = Debug|Any CPU
		{53771BE9-D63F-435A-B779-A3D47E522914}.Release|Any CPU.ActiveCfg = Release|Any CPU
		{53771BE9-D63F-435A-B779-A3D47E522914}.Release|Any CPU.Build.0 = Release|Any CPU
		{53771BE9-D63F-435A-B779-A3D47E522914}.Release|x64.ActiveCfg = Release|Any CPU
		{53771BE9-D63F-435A-B779-A3D47E522914}.Release|x64.Build.0 = Release|Any CPU
		{53771BE9-D63F-435A-B779-A3D47E522914}.Release|x86.ActiveCfg = Release|Any CPU
		{53771BE9-D63F-435A-B779-A3D47E522914}.Release|x86.Build.0 = Release|Any CPU
		{6D59556F-980D-4EEB-AEC0-72E6346D0DF3}.Debug|Any CPU.ActiveCfg = Debug|Any CPU
		{6D59556F-980D-4EEB-AEC0-72E6346D0DF3}.Debug|Any CPU.Build.0 = Debug|Any CPU
		{6D59556F-980D-4EEB-AEC0-72E6346D0DF3}.Debug|x64.ActiveCfg = Debug|Any CPU
		{6D59556F-980D-4EEB-AEC0-72E6346D0DF3}.Debug|x64.Build.0 = Debug|Any CPU
		{6D59556F-980D-4EEB-AEC0-72E6346D0DF3}.Debug|x86.ActiveCfg = Debug|Any CPU
		{6D59556F-980D-4EEB-AEC0-72E6346D0DF3}.Debug|x86.Build.0 = Debug|Any CPU
		{6D59556F-980D-4EEB-AEC0-72E6346D0DF3}.Release|Any CPU.ActiveCfg = Release|Any CPU
		{6D59556F-980D-4EEB-AEC0-72E6346D0DF3}.Release|Any CPU.Build.0 = Release|Any CPU
		{6D59556F-980D-4EEB-AEC0-72E6346D0DF3}.Release|x64.ActiveCfg = Release|Any CPU
		{6D59556F-980D-4EEB-AEC0-72E6346D0DF3}.Release|x64.Build.0 = Release|Any CPU
		{6D59556F-980D-4EEB-AEC0-72E6346D0DF3}.Release|x86.ActiveCfg = Release|Any CPU
		{6D59556F-980D-4EEB-AEC0-72E6346D0DF3}.Release|x86.Build.0 = Release|Any CPU
		{2B0AB04A-0058-469E-B2A1-58121C92C3A1}.Debug|Any CPU.ActiveCfg = Debug|Any CPU
		{2B0AB04A-0058-469E-B2A1-58121C92C3A1}.Debug|Any CPU.Build.0 = Debug|Any CPU
		{2B0AB04A-0058-469E-B2A1-58121C92C3A1}.Debug|x64.ActiveCfg = Debug|Any CPU
		{2B0AB04A-0058-469E-B2A1-58121C92C3A1}.Debug|x64.Build.0 = Debug|Any CPU
		{2B0AB04A-0058-469E-B2A1-58121C92C3A1}.Debug|x86.ActiveCfg = Debug|Any CPU
		{2B0AB04A-0058-469E-B2A1-58121C92C3A1}.Debug|x86.Build.0 = Debug|Any CPU
		{2B0AB04A-0058-469E-B2A1-58121C92C3A1}.Release|Any CPU.ActiveCfg = Release|Any CPU
		{2B0AB04A-0058-469E-B2A1-58121C92C3A1}.Release|Any CPU.Build.0 = Release|Any CPU
		{2B0AB04A-0058-469E-B2A1-58121C92C3A1}.Release|x64.ActiveCfg = Release|Any CPU
		{2B0AB04A-0058-469E-B2A1-58121C92C3A1}.Release|x64.Build.0 = Release|Any CPU
		{2B0AB04A-0058-469E-B2A1-58121C92C3A1}.Release|x86.ActiveCfg = Release|Any CPU
		{2B0AB04A-0058-469E-B2A1-58121C92C3A1}.Release|x86.Build.0 = Release|Any CPU
		{43D856A5-196E-4EDF-AAC1-6A199E63CD2F}.Debug|Any CPU.ActiveCfg = Debug|Any CPU
		{43D856A5-196E-4EDF-AAC1-6A199E63CD2F}.Debug|Any CPU.Build.0 = Debug|Any CPU
		{43D856A5-196E-4EDF-AAC1-6A199E63CD2F}.Debug|x64.ActiveCfg = Debug|Any CPU
		{43D856A5-196E-4EDF-AAC1-6A199E63CD2F}.Debug|x64.Build.0 = Debug|Any CPU
		{43D856A5-196E-4EDF-AAC1-6A199E63CD2F}.Debug|x86.ActiveCfg = Debug|Any CPU
		{43D856A5-196E-4EDF-AAC1-6A199E63CD2F}.Debug|x86.Build.0 = Debug|Any CPU
		{43D856A5-196E-4EDF-AAC1-6A199E63CD2F}.Release|Any CPU.ActiveCfg = Release|Any CPU
		{43D856A5-196E-4EDF-AAC1-6A199E63CD2F}.Release|Any CPU.Build.0 = Release|Any CPU
		{43D856A5-196E-4EDF-AAC1-6A199E63CD2F}.Release|x64.ActiveCfg = Release|Any CPU
		{43D856A5-196E-4EDF-AAC1-6A199E63CD2F}.Release|x64.Build.0 = Release|Any CPU
		{43D856A5-196E-4EDF-AAC1-6A199E63CD2F}.Release|x86.ActiveCfg = Release|Any CPU
		{43D856A5-196E-4EDF-AAC1-6A199E63CD2F}.Release|x86.Build.0 = Release|Any CPU
		{7F39947C-A079-4FAA-9899-49E4B68CA856}.Debug|Any CPU.ActiveCfg = Debug|Any CPU
		{7F39947C-A079-4FAA-9899-49E4B68CA856}.Debug|Any CPU.Build.0 = Debug|Any CPU
		{7F39947C-A079-4FAA-9899-49E4B68CA856}.Debug|x64.ActiveCfg = Debug|Any CPU
		{7F39947C-A079-4FAA-9899-49E4B68CA856}.Debug|x64.Build.0 = Debug|Any CPU
		{7F39947C-A079-4FAA-9899-49E4B68CA856}.Debug|x86.ActiveCfg = Debug|Any CPU
		{7F39947C-A079-4FAA-9899-49E4B68CA856}.Debug|x86.Build.0 = Debug|Any CPU
		{7F39947C-A079-4FAA-9899-49E4B68CA856}.Release|Any CPU.ActiveCfg = Release|Any CPU
		{7F39947C-A079-4FAA-9899-49E4B68CA856}.Release|Any CPU.Build.0 = Release|Any CPU
		{7F39947C-A079-4FAA-9899-49E4B68CA856}.Release|x64.ActiveCfg = Release|Any CPU
		{7F39947C-A079-4FAA-9899-49E4B68CA856}.Release|x64.Build.0 = Release|Any CPU
		{7F39947C-A079-4FAA-9899-49E4B68CA856}.Release|x86.ActiveCfg = Release|Any CPU
		{7F39947C-A079-4FAA-9899-49E4B68CA856}.Release|x86.Build.0 = Release|Any CPU
	EndGlobalSection
	GlobalSection(SolutionProperties) = preSolution
		HideSolutionNode = FALSE
	EndGlobalSection
	GlobalSection(NestedProjects) = preSolution
		{869373A8-6938-4F59-BD68-E9D2521DA916} = {827E0CD3-B72D-47B6-A68D-7590B98EB39B}
		{E0EC7B74-1C4B-40F4-A471-CE2F3461BE75} = {827E0CD3-B72D-47B6-A68D-7590B98EB39B}
		{CA8C5F48-9349-46FE-83EB-C7CC1EC33412} = {827E0CD3-B72D-47B6-A68D-7590B98EB39B}
		{54EF3B4A-5053-4771-8917-048000BA56A7} = {0AB3BF05-4346-4AA6-1389-037BE0695223}
		{6F485188-07E4-44AF-89FE-AB517FA961C2} = {0AB3BF05-4346-4AA6-1389-037BE0695223}
		{85144130-0720-40E1-9005-ECC34DA85BF2} = {0AB3BF05-4346-4AA6-1389-037BE0695223}
		{CEA93F7D-DE96-43F1-A522-8A5FE8E4B43E} = {827E0CD3-B72D-47B6-A68D-7590B98EB39B}
		{544ADD03-B7A4-4340-8EB1-70C23AD2C5CE} = {0AB3BF05-4346-4AA6-1389-037BE0695223}
		{53771BE9-D63F-435A-B779-A3D47E522914} = {66320409-64EC-F7C5-3DEF-65E7510DAAD1}
		{6D59556F-980D-4EEB-AEC0-72E6346D0DF3} = {5D20AA90-6969-D8BD-9DCD-8634F4692FDA}
		{2B0AB04A-0058-469E-B2A1-58121C92C3A1} = {0AB3BF05-4346-4AA6-1389-037BE0695223}
		{43D856A5-196E-4EDF-AAC1-6A199E63CD2F} = {827E0CD3-B72D-47B6-A68D-7590B98EB39B}
		{7F39947C-A079-4FAA-9899-49E4B68CA856} = {0AB3BF05-4346-4AA6-1389-037BE0695223}
	EndGlobalSection
EndGlobal
